
Microsoft Visual Studio Solution File, Format Version 12.00
# Visual Studio Version 17
VisualStudioVersion = 17.4.33403.182
MinimumVisualStudioVersion = 10.0.40219.1
Project("{9A19103F-16F7-4668-BE54-9A1E7A4F7556}") = "MagicVilla_VillaAPI", "MagicVilla_VillaAPI\MagicVilla_VillaAPI.csproj", "{A6EEEE8B-0CD3-4BF7-942F-D30EF940EE07}"
EndProject
Project("{9A19103F-16F7-4668-BE54-9A1E7A4F7556}") = "MagicVilla_Utility", "MagicVilla_Utility\MagicVilla_Utility.csproj", "{88531283-19FC-4C24-8297-3B5A0367C06D}"
EndProject
Global
	GlobalSection(SolutionConfigurationPlatforms) = preSolution
		Debug|Any CPU = Debug|Any CPU
		Release|Any CPU = Release|Any CPU
	EndGlobalSection
	GlobalSection(ProjectConfigurationPlatforms) = postSolution
		{A6EEEE8B-0CD3-4BF7-942F-D30EF940EE07}.Debug|Any CPU.ActiveCfg = Debug|Any CPU
		{A6EEEE8B-0CD3-4BF7-942F-D30EF940EE07}.Debug|Any CPU.Build.0 = Debug|Any CPU
		{A6EEEE8B-0CD3-4BF7-942F-D30EF940EE07}.Release|Any CPU.ActiveCfg = Release|Any CPU
		{A6EEEE8B-0CD3-4BF7-942F-D30EF940EE07}.Release|Any CPU.Build.0 = Release|Any CPU
		{88531283-19FC-4C24-8297-3B5A0367C06D}.Debug|Any CPU.ActiveCfg = Debug|Any CPU
		{88531283-19FC-4C24-8297-3B5A0367C06D}.Debug|Any CPU.Build.0 = Debug|Any CPU
		{88531283-19FC-4C24-8297-3B5A0367C06D}.Release|Any CPU.ActiveCfg = Release|Any CPU
		{88531283-19FC-4C24-8297-3B5A0367C06D}.Release|Any CPU.Build.0 = Release|Any CPU
	EndGlobalSection
	GlobalSection(SolutionProperties) = preSolution
		HideSolutionNode = FALSE
	EndGlobalSection
	GlobalSection(ExtensibilityGlobals) = postSolution
		SolutionGuid = {C6D5B9BE-F8FD-49B8-B1E7-C71B41ABADCB}
	EndGlobalSection
EndGlobal
